
Microsoft Visual Studio Solution File, Format Version 12.00
# Visual Studio Version 17
VisualStudioVersion = 17.14.36429.23 d17.14
MinimumVisualStudioVersion = 10.0.40219.1
Project("{FAE04EC0-301F-11D3-BF4B-00C04F79EFBC}") = "Clicker_WPF.", "..\Clicker_WPF\Clicker_WPF\Clicker_WPF..csproj", "{15E134BA-C9D6-45FE-8AF5-7C2571744812}"
EndProject
Global
	GlobalSection(SolutionConfigurationPlatforms) = preSolution
		Debug|Any CPU = Debug|Any CPU
		Release|Any CPU = Release|Any CPU
	EndGlobalSection
	GlobalSection(ProjectConfigurationPlatforms) = postSolution
		{15E134BA-C9D6-45FE-8AF5-7C2571744812}.Debug|Any CPU.ActiveCfg = Debug|Any CPU
		{15E134BA-C9D6-45FE-8AF5-7C2571744812}.Debug|Any CPU.Build.0 = Debug|Any CPU
		{15E134BA-C9D6-45FE-8AF5-7C2571744812}.Release|Any CPU.ActiveCfg = Release|Any CPU
		{15E134BA-C9D6-45FE-8AF5-7C2571744812}.Release|Any CPU.Build.0 = Release|Any CPU
	EndGlobalSection
	GlobalSection(SolutionProperties) = preSolution
		HideSolutionNode = FALSE
	EndGlobalSection
	GlobalSection(ExtensibilityGlobals) = postSolution
		SolutionGuid = {5A26E2FC-CDCA-4564-9B04-A3D1DE974859}
	EndGlobalSection
EndGlobal
